Microsoft Visual Studio Solution File, Format Version 12.00
# Visual Studio Version 17
VisualStudioVersion = 17.5.2.0
MinimumVisualStudioVersion = 10.0.40219.1
Project("{FAE04EC0-301F-11D3-BF4B-00C04F79EFBC}") = "AbstractClassesAndMethods", "AbstractClassesAndMethods\AbstractClassesAndMethods.csproj", "{ACD1D8FA-4E44-5E0D-3C25-E781AE33793C}"
EndProject
Project("{FAE04EC0-301F-11D3-BF4B-00C04F79EFBC}") = "InheritanceAndMethodOverriding", "InheritanceAndMethodOverriding\InheritanceAndMethodOverriding.csproj", "{728002CD-C8A6-F002-8A2F-971BDBACD79B}"
EndProject
Project("{FAE04EC0-301F-11D3-BF4B-00C04F79EFBC}") = "Interfaces", "Interfaces\Interfaces.csproj", "{C82175DB-FDAF-36DF-F55D-B0F96F20AF6D}"
EndProject
Global
	GlobalSection(SolutionConfigurationPlatforms) = preSolution
		Debug|Any CPU = Debug|Any CPU
		Release|Any CPU = Release|Any CPU
	EndGlobalSection
	GlobalSection(ProjectConfigurationPlatforms) = postSolution
		{ACD1D8FA-4E44-5E0D-3C25-E781AE33793C}.Debug|Any CPU.ActiveCfg = Debug|Any CPU
		{ACD1D8FA-4E44-5E0D-3C25-E781AE33793C}.Debug|Any CPU.Build.0 = Debug|Any CPU
		{ACD1D8FA-4E44-5E0D-3C25-E781AE33793C}.Release|Any CPU.ActiveCfg = Release|Any CPU
		{ACD1D8FA-4E44-5E0D-3C25-E781AE33793C}.Release|Any CPU.Build.0 = Release|Any CPU
		{728002CD-C8A6-F002-8A2F-971BDBACD79B}.Debug|Any CPU.ActiveCfg = Debug|Any CPU
		{728002CD-C8A6-F002-8A2F-971BDBACD79B}.Debug|Any CPU.Build.0 = Debug|Any CPU
		{728002CD-C8A6-F002-8A2F-971BDBACD79B}.Release|Any CPU.ActiveCfg = Release|Any CPU
		{728002CD-C8A6-F002-8A2F-971BDBACD79B}.Release|Any CPU.Build.0 = Release|Any CPU
		{C82175DB-FDAF-36DF-F55D-B0F96F20AF6D}.Debug|Any CPU.ActiveCfg = Debug|Any CPU
		{C82175DB-FDAF-36DF-F55D-B0F96F20AF6D}.Debug|Any CPU.Build.0 = Debug|Any CPU
		{C82175DB-FDAF-36DF-F55D-B0F96F20AF6D}.Release|Any CPU.ActiveCfg = Release|Any CPU
		{C82175DB-FDAF-36DF-F55D-B0F96F20AF6D}.Release|Any CPU.Build.0 = Release|Any CPU
	EndGlobalSection
	GlobalSection(SolutionProperties) = preSolution
		HideSolutionNode = FALSE
	EndGlobalSection
	GlobalSection(ExtensibilityGlobals) = postSolution
		SolutionGuid = {27D21568-27AF-4F7F-B2AD-CDAC927176AD}
	EndGlobalSection
EndGlobal
